
Microsoft Visual Studio Solution File, Format Version 12.00
# Visual Studio 2012
Project("{8BC9CEB8-8B4A-11D0-8D11-00A0C91BC942}") = "VoiceCommandTest", "VoiceCommandTest\VoiceCommandTest.vcxproj", "{979593DE-0231-4758-AC53-C4F78AF2B75C}"
EndProject
Global
	GlobalSection(SolutionConfigurationPlatforms) = preSolution
		Debug|Win32 = Debug|Win32
		Release|Win32 = Release|Win32
	EndGlobalSection
	GlobalSection(ProjectConfigurationPlatforms) = postSolution
		{979593DE-0231-4758-AC53-C4F78AF2B75C}.Debug|Win32.ActiveCfg = Debug|Win32
		{979593DE-0231-4758-AC53-C4F78AF2B75C}.Debug|Win32.Build.0 = Debug|Win32
		{979593DE-0231-4758-AC53-C4F78AF2B75C}.Release|Win32.ActiveCfg = Release|Win32
		{979593DE-0231-4758-AC53-C4F78AF2B75C}.Release|Win32.Build.0 = Release|Win32
	EndGlobalSection
	GlobalSection(SolutionProperties) = preSolution
		HideSolutionNode = FALSE
	EndGlobalSection
EndGlobal
